{
  "name": "Construct",
  "lockfileVersion": 3,
  "requires": true,
  "packages": {
    "": {
      "dependencies": {
        "@minecraft/debug-utilities": "1.0.0-beta.1.26.50-stable",
        "@minecraft/server": "2.11.0-beta.1.26.50-stable",
        "@minecraft/server-ui": "2.3.0-beta.1.26.50-stable"
      }
    },
    "node_modules/@minecraft/common": {
      "version": "1.3.0",
      "resolved": "https://registry.npmjs.org/@minecraft/common/-/common-1.3.0.tgz",
      "integrity": "sha512-GLT8USFhvEyeTTFHZAgszbrnoT007hmXmK+aO4l+2A1up9/zwZ+4e8R8F0KcKrCWDjLEqkOJtPow0hQCcNJ++Q==",
      "license": "MIT",
      "peer": true
    },
    "node_modules/@minecraft/debug-utilities": {
      "version": "1.0.0-beta.1.26.50-stable",
      "resolved": "https://registry.npmjs.org/@minecraft/debug-utilities/-/debug-utilities-1.0.0-beta.1.26.50-stable.tgz",
      "integrity": "sha512-L9awSCUH4NwA6j46O4BfFX5tpGKLH1rSM0wQx2XVjEy37RAFbSMzt9z0AQYU0YLTGFxw0qrmMXAfUCZzFnSR1A==",
      "license": "MIT",
      "peerDependencies": {
        "@minecraft/common": "^1.0.0",
        "@minecraft/server": "^1.17.0 || ^2.0.0 || ^2.11.0-beta.1.26.50-stable"
      }
    },
    "node_modules/@minecraft/server": {
      "version": "2.11.0-beta.1.26.50-stable",
      "resolved": "https://registry.npmjs.org/@minecraft/server/-/server-2.11.0-beta.1.26.50-stable.tgz",
      "integrity": "sha512-l0ax/JeelRa1dXfPlKtIB4XLEgS896/LmTyYiWshyg63j+Kh9+eOffh4XAZ4/3/xgkQfYuICfUwmYhja77usew==",
      "license": "MIT",
      "peerDependencies": {
        "@minecraft/common": "^1.2.0",
        "@minecraft/vanilla-data": ">=1.20.70"
      }
    },
    "node_modules/@minecraft/server-ui": {
      "version": "2.3.0-beta.1.26.50-stable",
      "resolved": "https://registry.npmjs.org/@minecraft/server-ui/-/server-ui-2.3.0-beta.1.26.50-stable.tgz",
      "integrity": "sha512-5Ez1duL+SIMCmPvL1IPcsDcKE+MTRaqdHNT+upoMutLYEYnzNFXxmFb5BEBiK22bfCBuHi28KBHWX2JCr6AVuA==",
      "license": "MIT",
      "peerDependencies": {
        "@minecraft/common": "^1.0.0",
        "@minecraft/server": "^2.0.0 || ^2.11.0-beta.1.26.50-stable"
      }
    },
    "node_modules/@minecraft/vanilla-data": {
      "version": "1.26.21",
      "resolved": "https://registry.npmjs.org/@minecraft/vanilla-data/-/vanilla-data-1.26.21.tgz",
      "integrity": "sha512-bDmqSIjZBoaChpAdK2H3SVzhIod4/kXwY+viEA3AgftAbda1X1dkjMiBbxZcmwzRrVwT9embIB3zsEkYn1rSNA==",
      "license": "MIT",
      "peer": true
    }
  }
}
