{
  "name": "Construct",
  "lockfileVersion": 3,
  "requires": true,
  "packages": {
    "": {
      "dependencies": {
        "@minecraft/server": "^2.9.0-beta.1.26.30-stable",
        "@minecraft/server-ui": "^2.2.0-beta.1.26.30-stable"
      }
    },
    "node_modules/@minecraft/common": {
      "version": "1.3.0",
      "resolved": "https://registry.npmjs.org/@minecraft/common/-/common-1.3.0.tgz",
      "integrity": "sha512-GLT8USFhvEyeTTFHZAgszbrnoT007hmXmK+aO4l+2A1up9/zwZ+4e8R8F0KcKrCWDjLEqkOJtPow0hQCcNJ++Q==",
      "license": "MIT",
      "peer": true
    },
    "node_modules/@minecraft/server": {
      "version": "2.9.0-rc.1.26.40-preview.24",
      "resolved": "https://registry.npmjs.org/@minecraft/server/-/server-2.9.0-rc.1.26.40-preview.24.tgz",
      "integrity": "sha512-/DH82sRkYjADbVh5lEzpQQYKy+oRuQqLLOMGI1Yml1Q/fd3nIHedveoGpU1GkL0hzNFTJGG/pi7D2pPJEhfGzw==",
      "license": "MIT",
      "peerDependencies": {
        "@minecraft/common": "^1.2.0",
        "@minecraft/vanilla-data": ">=1.20.70 || 1.26.40-preview.24"
      }
    },
    "node_modules/@minecraft/server-ui": {
      "version": "2.2.0-beta.1.26.30-stable",
      "resolved": "https://registry.npmjs.org/@minecraft/server-ui/-/server-ui-2.2.0-beta.1.26.30-stable.tgz",
      "integrity": "sha512-OMkGdrU5w/g/oIHR6ltpxbTNzEDYcDoHI56jW5FOBK+U6UwBO5wQteAPVvKKcBqD8KsY0R72xw1cKNfVwwJFIg==",
      "license": "MIT",
      "peerDependencies": {
        "@minecraft/common": "^1.0.0",
        "@minecraft/server": "^2.0.0 || ^2.9.0-beta.1.26.30-stable"
      }
    },
    "node_modules/@minecraft/vanilla-data": {
      "version": "1.26.21",
      "resolved": "https://registry.npmjs.org/@minecraft/vanilla-data/-/vanilla-data-1.26.21.tgz",
      "integrity": "sha512-bDmqSIjZBoaChpAdK2H3SVzhIod4/kXwY+viEA3AgftAbda1X1dkjMiBbxZcmwzRrVwT9embIB3zsEkYn1rSNA==",
      "license": "MIT",
      "peer": true
    }
  }
}
