{
  "name": "Construct",
  "lockfileVersion": 3,
  "requires": true,
  "packages": {
    "": {
      "dependencies": {
        "@minecraft/debug-utilities": "1.0.0-beta.1.26.40-stable",
        "@minecraft/server": "2.10.0-beta.1.26.40-stable",
        "@minecraft/server-ui": "2.2.0-beta.1.26.40-stable"
      }
    },
    "node_modules/@minecraft/common": {
      "version": "1.3.0",
      "resolved": "https://registry.npmjs.org/@minecraft/common/-/common-1.3.0.tgz",
      "integrity": "sha512-GLT8USFhvEyeTTFHZAgszbrnoT007hmXmK+aO4l+2A1up9/zwZ+4e8R8F0KcKrCWDjLEqkOJtPow0hQCcNJ++Q==",
      "license": "MIT",
      "peer": true
    },
    "node_modules/@minecraft/debug-utilities": {
      "version": "1.0.0-beta.1.26.40-stable",
      "resolved": "https://registry.npmjs.org/@minecraft/debug-utilities/-/debug-utilities-1.0.0-beta.1.26.40-stable.tgz",
      "integrity": "sha512-4JvxODw+8w0U3srQ23vZzmzt8HTginiOApszde9baW4NvS/nEz4KAlwlLRXqNcLTCCS2JNcg6vbgpjjlkHz4gg==",
      "license": "MIT",
      "peerDependencies": {
        "@minecraft/common": "^1.0.0",
        "@minecraft/server": "^1.17.0 || ^2.0.0 || ^2.10.0-beta.1.26.40-stable"
      }
    },
    "node_modules/@minecraft/server": {
      "version": "2.10.0-beta.1.26.40-stable",
      "resolved": "https://registry.npmjs.org/@minecraft/server/-/server-2.10.0-beta.1.26.40-stable.tgz",
      "integrity": "sha512-PygRGiom/LRXV/fxcZ0ygCzCzF8pRp+PoqnVX+saazdOMXUvu940fZZjXCaTdjvasLp8tN4i3EgJV1aTxidKAQ==",
      "license": "MIT",
      "peerDependencies": {
        "@minecraft/common": "^1.2.0",
        "@minecraft/vanilla-data": ">=1.20.70"
      }
    },
    "node_modules/@minecraft/server-ui": {
      "version": "2.2.0-beta.1.26.40-stable",
      "resolved": "https://registry.npmjs.org/@minecraft/server-ui/-/server-ui-2.2.0-beta.1.26.40-stable.tgz",
      "integrity": "sha512-Ab/k5lYMktAjVttv3u//SCCc/AUmKnzJYA+ZvvAoKxQ1hEDwLC2OhGF+YF/S/mkSX6oPK8hD6I8bJBEq2CyCOw==",
      "license": "MIT",
      "peerDependencies": {
        "@minecraft/common": "^1.0.0",
        "@minecraft/server": "^2.0.0 || ^2.10.0-beta.1.26.40-stable"
      }
    },
    "node_modules/@minecraft/vanilla-data": {
      "version": "1.26.21",
      "resolved": "https://registry.npmjs.org/@minecraft/vanilla-data/-/vanilla-data-1.26.21.tgz",
      "integrity": "sha512-bDmqSIjZBoaChpAdK2H3SVzhIod4/kXwY+viEA3AgftAbda1X1dkjMiBbxZcmwzRrVwT9embIB3zsEkYn1rSNA==",
      "license": "MIT",
      "peer": true
    }
  }
}
